
Microsoft Visual Studio Solution File, Format Version 12.00
# Visual Studio 15
VisualStudioVersion = 15.0.28307.489
MinimumVisualStudioVersion = 10.0.40219.1
Project("{8BC9CEB8-8B4A-11D0-8D11-00A0C91BC942}") = "change_with_asteris", "change_with_asteris\change_with_asteris.vcxproj", "{81E0623C-2747-425D-8860-7D4F999E20B9}"
EndProject
Global
	GlobalSection(SolutionConfigurationPlatforms) = preSolution
		Debug|x64 = Debug|x64
		Debug|x86 = Debug|x86
		Release|x64 = Release|x64
		Release|x86 = Release|x86
	EndGlobalSection
	GlobalSection(ProjectConfigurationPlatforms) = postSolution
		{81E0623C-2747-425D-8860-7D4F999E20B9}.Debug|x64.ActiveCfg = Debug|x64
		{81E0623C-2747-425D-8860-7D4F999E20B9}.Debug|x64.Build.0 = Debug|x64
		{81E0623C-2747-425D-8860-7D4F999E20B9}.Debug|x86.ActiveCfg = Debug|Win32
		{81E0623C-2747-425D-8860-7D4F999E20B9}.Debug|x86.Build.0 = Debug|Win32
		{81E0623C-2747-425D-8860-7D4F999E20B9}.Release|x64.ActiveCfg = Release|x64
		{81E0623C-2747-425D-8860-7D4F999E20B9}.Release|x64.Build.0 = Release|x64
		{81E0623C-2747-425D-8860-7D4F999E20B9}.Release|x86.ActiveCfg = Release|Win32
		{81E0623C-2747-425D-8860-7D4F999E20B9}.Release|x86.Build.0 = Release|Win32
	EndGlobalSection
	GlobalSection(SolutionProperties) = preSolution
		HideSolutionNode = FALSE
	EndGlobalSection
	GlobalSection(ExtensibilityGlobals) = postSolution
		SolutionGuid = {D66E4943-1916-44C4-9062-0960129B245F}
	EndGlobalSection
EndGlobal
